// !$*UTF8*$!
{
	archiveVersion = 1;
	classes = {
	};
	objectVersion = 46;
	objects = {

/* Begin PBXBuildFile section */
		42C8382A1B45691B006374B7 /* UIScrollView+SVInfiniteScrolling.m in Sources */ = {isa = PBXBuildFile; fileRef = 42C838271B45691B006374B7 /* UIScrollView+SVInfiniteScrolling.m */; };
		42C8382B1B45691B006374B7 /* UIScrollView+SVPullToRefresh.m in Sources */ = {isa = PBXBuildFile; fileRef = 42C838291B45691B006374B7 /* UIScrollView+SVPullToRefresh.m */; };
		42D03BBA1B43EDA00076FF1A /* UIActionSheet+T8.m in Sources */ = {isa = PBXBuildFile; fileRef = 42D03BB91B43EDA00076FF1A /* UIActionSheet+T8.m */; };
		42D03BBD1B43F7500076FF1A /* UIAlertView+T8.m in Sources */ = {isa = PBXBuildFile; fileRef = 42D03BBC1B43F7500076FF1A /* UIAlertView+T8.m */; };
		6D0125DA1B54A60A003E04D8 /* T8MenuSwitchCell.m in Sources */ = {isa = PBXBuildFile; fileRef = 6D0125D91B54A60A003E04D8 /* T8MenuSwitchCell.m */; };
		6D0125DD1B54A621003E04D8 /* T8MenuSwitchItem.m in Sources */ = {isa = PBXBuildFile; fileRef = 6D0125DC1B54A621003E04D8 /* T8MenuSwitchItem.m */; };
		6D177C2D1B41071B00B3AE4D /* T8BaseNavigationController.m in Sources */ = {isa = PBXBuildFile; fileRef = 6D177C281B41071B00B3AE4D /* T8BaseNavigationController.m */; };
		6D177C2E1B41071B00B3AE4D /* T8BaseViewController.m in Sources */ = {isa = PBXBuildFile; fileRef = 6D177C2A1B41071B00B3AE4D /* T8BaseViewController.m */; };
		6D177C2F1B41071B00B3AE4D /* T8TableViewController.m in Sources */ = {isa = PBXBuildFile; fileRef = 6D177C2C1B41071B00B3AE4D /* T8TableViewController.m */; };
		6D177C641B43E77D00B3AE4D /* T8MenuTitleCustomViewCell.m in Sources */ = {isa = PBXBuildFile; fileRef = 6D177C631B43E77D00B3AE4D /* T8MenuTitleCustomViewCell.m */; };
		6D177C671B43EBF800B3AE4D /* T8MenuTitleCustomViewItem.m in Sources */ = {isa = PBXBuildFile; fileRef = 6D177C661B43EBF800B3AE4D /* T8MenuTitleCustomViewItem.m */; };
		6D25D9941B254C0300588FDF /* MBProgressHUD.m in Sources */ = {isa = PBXBuildFile; fileRef = 6D25D9911B254C0300588FDF /* MBProgressHUD.m */; };
		6D25D9951B254C0300588FDF /* T8HudHelper.m in Sources */ = {isa = PBXBuildFile; fileRef = 6D25D9931B254C0300588FDF /* T8HudHelper.m */; };
		6D5C36851B3A58630015364D /* T8PlaceHolderTextView.m in Sources */ = {isa = PBXBuildFile; fileRef = 6D5C36841B3A58630015364D /* T8PlaceHolderTextView.m */; };
		6D5C36881B3A663F0015364D /* T8MenuTextViewItem.m in Sources */ = {isa = PBXBuildFile; fileRef = 6D5C36871B3A663F0015364D /* T8MenuTextViewItem.m */; };
		6D5C368B1B3A669B0015364D /* T8MenuTextViewCell.m in Sources */ = {isa = PBXBuildFile; fileRef = 6D5C368A1B3A669B0015364D /* T8MenuTextViewCell.m */; };
		6D5C368E1B3A96D30015364D /* T8MenuSection.m in Sources */ = {isa = PBXBuildFile; fileRef = 6D5C368D1B3A96D30015364D /* T8MenuSection.m */; };
		6D8E20FE1B33EEDA005BC0F5 /* TestMenuViewController.m in Sources */ = {isa = PBXBuildFile; fileRef = 6D8E20FD1B33EEDA005BC0F5 /* TestMenuViewController.m */; };
		6D8E21081B33EF1C005BC0F5 /* T8MenuCell.m in Sources */ = {isa = PBXBuildFile; fileRef = 6D8E21021B33EF1C005BC0F5 /* T8MenuCell.m */; };
		6D8E21091B33EF1C005BC0F5 /* T8MenuItem.m in Sources */ = {isa = PBXBuildFile; fileRef = 6D8E21051B33EF1C005BC0F5 /* T8MenuItem.m */; };
		6D8E210A1B33EF1C005BC0F5 /* T8MenuTableViewController.m in Sources */ = {isa = PBXBuildFile; fileRef = 6D8E21071B33EF1C005BC0F5 /* T8MenuTableViewController.m */; };
		6D8E210D1B33F4CA005BC0F5 /* T8MenuTitleItem.m in Sources */ = {isa = PBXBuildFile; fileRef = 6D8E210C1B33F4CA005BC0F5 /* T8MenuTitleItem.m */; };
		6D8E21101B33F743005BC0F5 /* T8MenuTitleCell.m in Sources */ = {isa = PBXBuildFile; fileRef = 6D8E210F1B33F743005BC0F5 /* T8MenuTitleCell.m */; };
		6D8E21131B39121C005BC0F5 /* T8MenuTextFieldItem.m in Sources */ = {isa = PBXBuildFile; fileRef = 6D8E21121B39121C005BC0F5 /* T8MenuTextFieldItem.m */; };
		6D8E21161B3912E7005BC0F5 /* T8MenuTextFieldCell.m in Sources */ = {isa = PBXBuildFile; fileRef = 6D8E21151B3912E7005BC0F5 /* T8MenuTextFieldCell.m */; };
		6D8E21191B39158E005BC0F5 /* T8MenuDescriptionItem.m in Sources */ = {isa = PBXBuildFile; fileRef = 6D8E21181B39158E005BC0F5 /* T8MenuDescriptionItem.m */; };
		6D8E211C1B3915DD005BC0F5 /* T8MenuDescriptionCell.m in Sources */ = {isa = PBXBuildFile; fileRef = 6D8E211B1B3915DD005BC0F5 /* T8MenuDescriptionCell.m */; };
		6DA0CB071B298D9600C4C2E7 /* T8CameraHelper.m in Sources */ = {isa = PBXBuildFile; fileRef = 6DA0CB051B298D9600C4C2E7 /* T8CameraHelper.m */; };
		6DA0CB131B2C22FF00C4C2E7 /* T8UserDefaultHelper.m in Sources */ = {isa = PBXBuildFile; fileRef = 6DA0CB121B2C22FF00C4C2E7 /* T8UserDefaultHelper.m */; };
		6DB7F7491B68BB65006AA9E4 /* T8ATBCell.m in Sources */ = {isa = PBXBuildFile; fileRef = 6DB7F7421B68BB65006AA9E4 /* T8ATBCell.m */; };
		6DB7F74A1B68BB65006AA9E4 /* T8AvatarAndTitleCell.m in Sources */ = {isa = PBXBuildFile; fileRef = 6DB7F7441B68BB65006AA9E4 /* T8AvatarAndTitleCell.m */; };
		6DB7F74B1B68BB65006AA9E4 /* T8BaseTableViewCell.m in Sources */ = {isa = PBXBuildFile; fileRef = 6DB7F7461B68BB65006AA9E4 /* T8BaseTableViewCell.m */; };
		6DB7F74C1B68BB65006AA9E4 /* T8InsetsTextField.m in Sources */ = {isa = PBXBuildFile; fileRef = 6DB7F7481B68BB65006AA9E4 /* T8InsetsTextField.m */; };
		6DB9494B1B4A4F0500C2B83A /* T8MenuFunctionCell.m in Sources */ = {isa = PBXBuildFile; fileRef = 6DB9494A1B4A4F0500C2B83A /* T8MenuFunctionCell.m */; };
		6DB9494E1B4A4F3F00C2B83A /* T8MenuFunctionItem.m in Sources */ = {isa = PBXBuildFile; fileRef = 6DB9494D1B4A4F3F00C2B83A /* T8MenuFunctionItem.m */; };
		6DC3965D1B1C823500270D0D /* main.m in Sources */ = {isa = PBXBuildFile; fileRef = 6DC3965C1B1C823500270D0D /* main.m */; };
		6DC396601B1C823500270D0D /* AppDelegate.m in Sources */ = {isa = PBXBuildFile; fileRef = 6DC3965F1B1C823500270D0D /* AppDelegate.m */; };
		6DC396631B1C823500270D0D /* ViewController.m in Sources */ = {isa = PBXBuildFile; fileRef = 6DC396621B1C823500270D0D /* ViewController.m */; };
		6DC396661B1C823500270D0D /* Main.storyboard in Resources */ = {isa = PBXBuildFile; fileRef = 6DC396641B1C823500270D0D /* Main.storyboard */; };
		6DC396681B1C823500270D0D /* Images.xcassets in Resources */ = {isa = PBXBuildFile; fileRef = 6DC396671B1C823500270D0D /* Images.xcassets */; };
		6DC3966B1B1C823500270D0D /* LaunchScreen.xib in Resources */ = {isa = PBXBuildFile; fileRef = 6DC396691B1C823500270D0D /* LaunchScreen.xib */; };
		6DC396771B1C823500270D0D /* T8DevelopKitDemoTests.m in Sources */ = {isa = PBXBuildFile; fileRef = 6DC396761B1C823500270D0D /* T8DevelopKitDemoTests.m */; };
		6DC3969A1B1C82EA00270D0D /* T8JsonHelper.m in Sources */ = {isa = PBXBuildFile; fileRef = 6DC396831B1C82EA00270D0D /* T8JsonHelper.m */; };
		6DC3969B1B1C82EA00270D0D /* NSDate+T8.m in Sources */ = {isa = PBXBuildFile; fileRef = 6DC396861B1C82EA00270D0D /* NSDate+T8.m */; };
		6DC3969C1B1C82EA00270D0D /* NSDateFormatter+T8.m in Sources */ = {isa = PBXBuildFile; fileRef = 6DC396881B1C82EA00270D0D /* NSDateFormatter+T8.m */; };
		6DC3969D1B1C82EA00270D0D /* NSDictionary+T8.m in Sources */ = {isa = PBXBuildFile; fileRef = 6DC3968A1B1C82EA00270D0D /* NSDictionary+T8.m */; };
		6DC3969E1B1C82EA00270D0D /* NSMutableDictionary+T8.m in Sources */ = {isa = PBXBuildFile; fileRef = 6DC3968C1B1C82EA00270D0D /* NSMutableDictionary+T8.m */; };
		6DC396A01B1C82EA00270D0D /* NSString+T8.m in Sources */ = {isa = PBXBuildFile; fileRef = 6DC396901B1C82EA00270D0D /* NSString+T8.m */; };
		6DC396A11B1C82EA00270D0D /* UIImage+T8.m in Sources */ = {isa = PBXBuildFile; fileRef = 6DC396921B1C82EA00270D0D /* UIImage+T8.m */; };
		6DC396A71B1C83EF00270D0D /* T8SandBoxHelper.m in Sources */ = {isa = PBXBuildFile; fileRef = 6DC396A61B1C83EF00270D0D /* T8SandBoxHelper.m */; };
		6DC396AC1B1C8FFE00270D0D /* UIView+T8.m in Sources */ = {isa = PBXBuildFile; fileRef = 6DC396AB1B1C8FFE00270D0D /* UIView+T8.m */; };
		7A42BB7BD63A52BA29B4E217 /* libPods.a in Frameworks */ = {isa = PBXBuildFile; fileRef = FD017C7491D124D5DA484634 /* libPods.a */; };
/* End PBXBuildFile section */

/* Begin PBXContainerItemProxy section */
		6DC396711B1C823500270D0D /* PBXContainerItemProxy */ = {
			isa = PBXContainerItemProxy;
			containerPortal = 6DC3964F1B1C823500270D0D /* Project object */;
			proxyType = 1;
			remoteGlobalIDString = 6DC396561B1C823500270D0D;
			remoteInfo = T8DevelopKitDemo;
		};
/* End PBXContainerItemProxy section */

/* Begin PBXFileReference section */
		3117F296C76E240CBFAF6070 /* Pods.release.xcconfig */ = {isa = PBXFileReference; includeInIndex = 1; lastKnownFileType = text.xcconfig; name = Pods.release.xcconfig; path = "Pods/Target Support Files/Pods/Pods.release.xcconfig"; sourceTree = "<group>"; };
		42C838251B45691B006374B7 /* SVPullToRefresh.h */ = {isa = PBXFileReference; fileEncoding = 4; lastKnownFileType = sourcecode.c.h; path = SVPullToRefresh.h; sourceTree = "<group>"; };
		42C838261B45691B006374B7 /* UIScrollView+SVInfiniteScrolling.h */ = {isa = PBXFileReference; fileEncoding = 4; lastKnownFileType = sourcecode.c.h; path = "UIScrollView+SVInfiniteScrolling.h"; sourceTree = "<group>"; };
		42C838271B45691B006374B7 /* UIScrollView+SVInfiniteScrolling.m */ = {isa = PBXFileReference; fileEncoding = 4; lastKnownFileType = sourcecode.c.objc; path = "UIScrollView+SVInfiniteScrolling.m"; sourceTree = "<group>"; };
		42C838281B45691B006374B7 /* UIScrollView+SVPullToRefresh.h */ = {isa = PBXFileReference; fileEncoding = 4; lastKnownFileType = sourcecode.c.h; path = "UIScrollView+SVPullToRefresh.h"; sourceTree = "<group>"; };
		42C838291B45691B006374B7 /* UIScrollView+SVPullToRefresh.m */ = {isa = PBXFileReference; fileEncoding = 4; lastKnownFileType = sourcecode.c.objc; path = "UIScrollView+SVPullToRefresh.m"; sourceTree = "<group>"; };
		42D03BB81B43EDA00076FF1A /* UIActionSheet+T8.h */ = {isa = PBXFileReference; fileEncoding = 4; lastKnownFileType = sourcecode.c.h; path = "UIActionSheet+T8.h"; sourceTree = "<group>"; };
		42D03BB91B43EDA00076FF1A /* UIActionSheet+T8.m */ = {isa = PBXFileReference; fileEncoding = 4; lastKnownFileType = sourcecode.c.objc; path = "UIActionSheet+T8.m"; sourceTree = "<group>"; };
		42D03BBB1B43F7500076FF1A /* UIAlertView+T8.h */ = {isa = PBXFileReference; fileEncoding = 4; lastKnownFileType = sourcecode.c.h; path = "UIAlertView+T8.h"; sourceTree = "<group>"; };
		42D03BBC1B43F7500076FF1A /* UIAlertView+T8.m */ = {isa = PBXFileReference; fileEncoding = 4; lastKnownFileType = sourcecode.c.objc; path = "UIAlertView+T8.m"; sourceTree = "<group>"; };
		6D0125D81B54A60A003E04D8 /* T8MenuSwitchCell.h */ = {isa = PBXFileReference; fileEncoding = 4; lastKnownFileType = sourcecode.c.h; path = T8MenuSwitchCell.h; sourceTree = "<group>"; };
		6D0125D91B54A60A003E04D8 /* T8MenuSwitchCell.m */ = {isa = PBXFileReference; fileEncoding = 4; lastKnownFileType = sourcecode.c.objc; path = T8MenuSwitchCell.m; sourceTree = "<group>"; };
		6D0125DB1B54A621003E04D8 /* T8MenuSwitchItem.h */ = {isa = PBXFileReference; fileEncoding = 4; lastKnownFileType = sourcecode.c.h; path = T8MenuSwitchItem.h; sourceTree = "<group>"; };
		6D0125DC1B54A621003E04D8 /* T8MenuSwitchItem.m */ = {isa = PBXFileReference; fileEncoding = 4; lastKnownFileType = sourcecode.c.objc; path = T8MenuSwitchItem.m; sourceTree = "<group>"; };
		6D177C271B41071B00B3AE4D /* T8BaseNavigationController.h */ = {isa = PBXFileReference; fileEncoding = 4; lastKnownFileType = sourcecode.c.h; path = T8BaseNavigationController.h; sourceTree = "<group>"; };
		6D177C281B41071B00B3AE4D /* T8BaseNavigationController.m */ = {isa = PBXFileReference; fileEncoding = 4; lastKnownFileType = sourcecode.c.objc; path = T8BaseNavigationController.m; sourceTree = "<group>"; };
		6D177C291B41071B00B3AE4D /* T8BaseViewController.h */ = {isa = PBXFileReference; fileEncoding = 4; lastKnownFileType = sourcecode.c.h; path = T8BaseViewController.h; sourceTree = "<group>"; };
		6D177C2A1B41071B00B3AE4D /* T8BaseViewController.m */ = {isa = PBXFileReference; fileEncoding = 4; lastKnownFileType = sourcecode.c.objc; path = T8BaseViewController.m; sourceTree = "<group>"; };
		6D177C2B1B41071B00B3AE4D /* T8TableViewController.h */ = {isa = PBXFileReference; fileEncoding = 4; lastKnownFileType = sourcecode.c.h; path = T8TableViewController.h; sourceTree = "<group>"; };
		6D177C2C1B41071B00B3AE4D /* T8TableViewController.m */ = {isa = PBXFileReference; fileEncoding = 4; lastKnownFileType = sourcecode.c.objc; path = T8TableViewController.m; sourceTree = "<group>"; };
		6D177C621B43E77D00B3AE4D /* T8MenuTitleCustomViewCell.h */ = {isa = PBXFileReference; fileEncoding = 4; lastKnownFileType = sourcecode.c.h; path = T8MenuTitleCustomViewCell.h; sourceTree = "<group>"; };
		6D177C631B43E77D00B3AE4D /* T8MenuTitleCustomViewCell.m */ = {isa = PBXFileReference; fileEncoding = 4; lastKnownFileType = sourcecode.c.objc; path = T8MenuTitleCustomViewCell.m; sourceTree = "<group>"; };
		6D177C651B43EBF800B3AE4D /* T8MenuTitleCustomViewItem.h */ = {isa = PBXFileReference; fileEncoding = 4; lastKnownFileType = sourcecode.c.h; path = T8MenuTitleCustomViewItem.h; sourceTree = "<group>"; };
		6D177C661B43EBF800B3AE4D /* T8MenuTitleCustomViewItem.m */ = {isa = PBXFileReference; fileEncoding = 4; lastKnownFileType = sourcecode.c.objc; path = T8MenuTitleCustomViewItem.m; sourceTree = "<group>"; };
		6D25D9901B254C0300588FDF /* MBProgressHUD.h */ = {isa = PBXFileReference; fileEncoding = 4; lastKnownFileType = sourcecode.c.h; path = MBProgressHUD.h; sourceTree = "<group>"; };
		6D25D9911B254C0300588FDF /* MBProgressHUD.m */ = {isa = PBXFileReference; fileEncoding = 4; lastKnownFileType = sourcecode.c.objc; path = MBProgressHUD.m; sourceTree = "<group>"; };
		6D25D9921B254C0300588FDF /* T8HudHelper.h */ = {isa = PBXFileReference; fileEncoding = 4; lastKnownFileType = sourcecode.c.h; path = T8HudHelper.h; sourceTree = "<group>"; };
		6D25D9931B254C0300588FDF /* T8HudHelper.m */ = {isa = PBXFileReference; fileEncoding = 4; lastKnownFileType = sourcecode.c.objc; path = T8HudHelper.m; sourceTree = "<group>"; };
		6D5C36831B3A58630015364D /* T8PlaceHolderTextView.h */ = {isa = PBXFileReference; fileEncoding = 4; lastKnownFileType = sourcecode.c.h; path = T8PlaceHolderTextView.h; sourceTree = "<group>"; };
		6D5C36841B3A58630015364D /* T8PlaceHolderTextView.m */ = {isa = PBXFileReference; fileEncoding = 4; lastKnownFileType = sourcecode.c.objc; path = T8PlaceHolderTextView.m; sourceTree = "<group>"; };
		6D5C36861B3A663F0015364D /* T8MenuTextViewItem.h */ = {isa = PBXFileReference; fileEncoding = 4; lastKnownFileType = sourcecode.c.h; path = T8MenuTextViewItem.h; sourceTree = "<group>"; };
		6D5C36871B3A663F0015364D /* T8MenuTextViewItem.m */ = {isa = PBXFileReference; fileEncoding = 4; lastKnownFileType = sourcecode.c.objc; path = T8MenuTextViewItem.m; sourceTree = "<group>"; };
		6D5C36891B3A669B0015364D /* T8MenuTextViewCell.h */ = {isa = PBXFileReference; fileEncoding = 4; lastKnownFileType = sourcecode.c.h; path = T8MenuTextViewCell.h; sourceTree = "<group>"; };
		6D5C368A1B3A669B0015364D /* T8MenuTextViewCell.m */ = {isa = PBXFileReference; fileEncoding = 4; lastKnownFileType = sourcecode.c.objc; path = T8MenuTextViewCell.m; sourceTree = "<group>"; };
		6D5C368C1B3A96D30015364D /* T8MenuSection.h */ = {isa = PBXFileReference; fileEncoding = 4; lastKnownFileType = sourcecode.c.h; path = T8MenuSection.h; sourceTree = "<group>"; };
		6D5C368D1B3A96D30015364D /* T8MenuSection.m */ = {isa = PBXFileReference; fileEncoding = 4; lastKnownFileType = sourcecode.c.objc; path = T8MenuSection.m; sourceTree = "<group>"; };
		6D8E20FC1B33EEDA005BC0F5 /* TestMenuViewController.h */ = {isa = PBXFileReference; fileEncoding = 4; lastKnownFileType = sourcecode.c.h; path = TestMenuViewController.h; sourceTree = "<group>"; };
		6D8E20FD1B33EEDA005BC0F5 /* TestMenuViewController.m */ = {isa = PBXFileReference; fileEncoding = 4; lastKnownFileType = sourcecode.c.objc; path = TestMenuViewController.m; sourceTree = "<group>"; };
		6D8E21011B33EF1C005BC0F5 /* T8MenuCell.h */ = {isa = PBXFileReference; fileEncoding = 4; lastKnownFileType = sourcecode.c.h; path = T8MenuCell.h; sourceTree = "<group>"; };
		6D8E21021B33EF1C005BC0F5 /* T8MenuCell.m */ = {isa = PBXFileReference; fileEncoding = 4; lastKnownFileType = sourcecode.c.objc; path = T8MenuCell.m; sourceTree = "<group>"; };
		6D8E21041B33EF1C005BC0F5 /* T8MenuItem.h */ = {isa = PBXFileReference; fileEncoding = 4; lastKnownFileType = sourcecode.c.h; path = T8MenuItem.h; sourceTree = "<group>"; };
		6D8E21051B33EF1C005BC0F5 /* T8MenuItem.m */ = {isa = PBXFileReference; fileEncoding = 4; lastKnownFileType = sourcecode.c.objc; path = T8MenuItem.m; sourceTree = "<group>"; };
		6D8E21061B33EF1C005BC0F5 /* T8MenuTableViewController.h */ = {isa = PBXFileReference; fileEncoding = 4; lastKnownFileType = sourcecode.c.h; path = T8MenuTableViewController.h; sourceTree = "<group>"; };
		6D8E21071B33EF1C005BC0F5 /* T8MenuTableViewController.m */ = {isa = PBXFileReference; fileEncoding = 4; lastKnownFileType = sourcecode.c.objc; path = T8MenuTableViewController.m; sourceTree = "<group>"; };
		6D8E210B1B33F4CA005BC0F5 /* T8MenuTitleItem.h */ = {isa = PBXFileReference; fileEncoding = 4; lastKnownFileType = sourcecode.c.h; path = T8MenuTitleItem.h; sourceTree = "<group>"; };
		6D8E210C1B33F4CA005BC0F5 /* T8MenuTitleItem.m */ = {isa = PBXFileReference; fileEncoding = 4; lastKnownFileType = sourcecode.c.objc; path = T8MenuTitleItem.m; sourceTree = "<group>"; };
		6D8E210E1B33F743005BC0F5 /* T8MenuTitleCell.h */ = {isa = PBXFileReference; fileEncoding = 4; lastKnownFileType = sourcecode.c.h; path = T8MenuTitleCell.h; sourceTree = "<group>"; };
		6D8E210F1B33F743005BC0F5 /* T8MenuTitleCell.m */ = {isa = PBXFileReference; fileEncoding = 4; lastKnownFileType = sourcecode.c.objc; path = T8MenuTitleCell.m; sourceTree = "<group>"; };
		6D8E21111B39121C005BC0F5 /* T8MenuTextFieldItem.h */ = {isa = PBXFileReference; fileEncoding = 4; lastKnownFileType = sourcecode.c.h; path = T8MenuTextFieldItem.h; sourceTree = "<group>"; };
		6D8E21121B39121C005BC0F5 /* T8MenuTextFieldItem.m */ = {isa = PBXFileReference; fileEncoding = 4; lastKnownFileType = sourcecode.c.objc; path = T8MenuTextFieldItem.m; sourceTree = "<group>"; };
		6D8E21141B3912E7005BC0F5 /* T8MenuTextFieldCell.h */ = {isa = PBXFileReference; fileEncoding = 4; lastKnownFileType = sourcecode.c.h; path = T8MenuTextFieldCell.h; sourceTree = "<group>"; };
		6D8E21151B3912E7005BC0F5 /* T8MenuTextFieldCell.m */ = {isa = PBXFileReference; fileEncoding = 4; lastKnownFileType = sourcecode.c.objc; path = T8MenuTextFieldCell.m; sourceTree = "<group>"; };
		6D8E21171B39158E005BC0F5 /* T8MenuDescriptionItem.h */ = {isa = PBXFileReference; fileEncoding = 4; lastKnownFileType = sourcecode.c.h; path = T8MenuDescriptionItem.h; sourceTree = "<group>"; };
		6D8E21181B39158E005BC0F5 /* T8MenuDescriptionItem.m */ = {isa = PBXFileReference; fileEncoding = 4; lastKnownFileType = sourcecode.c.objc; path = T8MenuDescriptionItem.m; sourceTree = "<group>"; };
		6D8E211A1B3915DD005BC0F5 /* T8MenuDescriptionCell.h */ = {isa = PBXFileReference; fileEncoding = 4; lastKnownFileType = sourcecode.c.h; path = T8MenuDescriptionCell.h; sourceTree = "<group>"; };
		6D8E211B1B3915DD005BC0F5 /* T8MenuDescriptionCell.m */ = {isa = PBXFileReference; fileEncoding = 4; lastKnownFileType = sourcecode.c.objc; path = T8MenuDescriptionCell.m; sourceTree = "<group>"; };
		6DA0CB051B298D9600C4C2E7 /* T8CameraHelper.m */ = {isa = PBXFileReference; fileEncoding = 4; lastKnownFileType = sourcecode.c.objc; path = T8CameraHelper.m; sourceTree = "<group>"; };
		6DA0CB061B298D9600C4C2E7 /* T8CameraHelper.h */ = {isa = PBXFileReference; fileEncoding = 4; lastKnownFileType = sourcecode.c.h; path = T8CameraHelper.h; sourceTree = "<group>"; };
		6DA0CB111B2C22FF00C4C2E7 /* T8UserDefaultHelper.h */ = {isa = PBXFileReference; fileEncoding = 4; lastKnownFileType = sourcecode.c.h; path = T8UserDefaultHelper.h; sourceTree = "<group>"; };
		6DA0CB121B2C22FF00C4C2E7 /* T8UserDefaultHelper.m */ = {isa = PBXFileReference; fileEncoding = 4; lastKnownFileType = sourcecode.c.objc; path = T8UserDefaultHelper.m; sourceTree = "<group>"; };
		6DB7F7411B68BB65006AA9E4 /* T8ATBCell.h */ = {isa = PBXFileReference; fileEncoding = 4; lastKnownFileType = sourcecode.c.h; path = T8ATBCell.h; sourceTree = "<group>"; };
		6DB7F7421B68BB65006AA9E4 /* T8ATBCell.m */ = {isa = PBXFileReference; fileEncoding = 4; lastKnownFileType = sourcecode.c.objc; path = T8ATBCell.m; sourceTree = "<group>"; };
		6DB7F7431B68BB65006AA9E4 /* T8AvatarAndTitleCell.h */ = {isa = PBXFileReference; fileEncoding = 4; lastKnownFileType = sourcecode.c.h; path = T8AvatarAndTitleCell.h; sourceTree = "<group>"; };
		6DB7F7441B68BB65006AA9E4 /* T8AvatarAndTitleCell.m */ = {isa = PBXFileReference; fileEncoding = 4; lastKnownFileType = sourcecode.c.objc; path = T8AvatarAndTitleCell.m; sourceTree = "<group>"; };
		6DB7F7451B68BB65006AA9E4 /* T8BaseTableViewCell.h */ = {isa = PBXFileReference; fileEncoding = 4; lastKnownFileType = sourcecode.c.h; path = T8BaseTableViewCell.h; sourceTree = "<group>"; };
		6DB7F7461B68BB65006AA9E4 /* T8BaseTableViewCell.m */ = {isa = PBXFileReference; fileEncoding = 4; lastKnownFileType = sourcecode.c.objc; path = T8BaseTableViewCell.m; sourceTree = "<group>"; };
		6DB7F7471B68BB65006AA9E4 /* T8InsetsTextField.h */ = {isa = PBXFileReference; fileEncoding = 4; lastKnownFileType = sourcecode.c.h; path = T8InsetsTextField.h; sourceTree = "<group>"; };
		6DB7F7481B68BB65006AA9E4 /* T8InsetsTextField.m */ = {isa = PBXFileReference; fileEncoding = 4; lastKnownFileType = sourcecode.c.objc; path = T8InsetsTextField.m; sourceTree = "<group>"; };
		6DB949491B4A4F0500C2B83A /* T8MenuFunctionCell.h */ = {isa = PBXFileReference; fileEncoding = 4; lastKnownFileType = sourcecode.c.h; path = T8MenuFunctionCell.h; sourceTree = "<group>"; };
		6DB9494A1B4A4F0500C2B83A /* T8MenuFunctionCell.m */ = {isa = PBXFileReference; fileEncoding = 4; lastKnownFileType = sourcecode.c.objc; path = T8MenuFunctionCell.m; sourceTree = "<group>"; };
		6DB9494C1B4A4F3F00C2B83A /* T8MenuFunctionItem.h */ = {isa = PBXFileReference; fileEncoding = 4; lastKnownFileType = sourcecode.c.h; path = T8MenuFunctionItem.h; sourceTree = "<group>"; };
		6DB9494D1B4A4F3F00C2B83A /* T8MenuFunctionItem.m */ = {isa = PBXFileReference; fileEncoding = 4; lastKnownFileType = sourcecode.c.objc; path = T8MenuFunctionItem.m; sourceTree = "<group>"; };
		6DC396571B1C823500270D0D /* T8DevelopKitDemo.app */ = {isa = PBXFileReference; explicitFileType = wrapper.application; includeInIndex = 0; path = T8DevelopKitDemo.app; sourceTree = BUILT_PRODUCTS_DIR; };
		6DC3965B1B1C823500270D0D /* Info.plist */ = {isa = PBXFileReference; lastKnownFileType = text.plist.xml; path = Info.plist; sourceTree = "<group>"; };
		6DC3965C1B1C823500270D0D /* main.m */ = {isa = PBXFileReference; lastKnownFileType = sourcecode.c.objc; path = main.m; sourceTree = "<group>"; };
		6DC3965E1B1C823500270D0D /* AppDelegate.h */ = {isa = PBXFileReference; lastKnownFileType = sourcecode.c.h; path = AppDelegate.h; sourceTree = "<group>"; };
		6DC3965F1B1C823500270D0D /* AppDelegate.m */ = {isa = PBXFileReference; lastKnownFileType = sourcecode.c.objc; path = AppDelegate.m; sourceTree = "<group>"; };
		6DC396611B1C823500270D0D /* ViewController.h */ = {isa = PBXFileReference; lastKnownFileType = sourcecode.c.h; path = ViewController.h; sourceTree = "<group>"; };
		6DC396621B1C823500270D0D /* ViewController.m */ = {isa = PBXFileReference; lastKnownFileType = sourcecode.c.objc; path = ViewController.m; sourceTree = "<group>"; };
		6DC396651B1C823500270D0D /* Base */ = {isa = PBXFileReference; lastKnownFileType = file.storyboard; name = Base; path = Base.lproj/Main.storyboard; sourceTree = "<group>"; };
		6DC396671B1C823500270D0D /* Images.xcassets */ = {isa = PBXFileReference; lastKnownFileType = folder.assetcatalog; path = Images.xcassets; sourceTree = "<group>"; };
		6DC3966A1B1C823500270D0D /* Base */ = {isa = PBXFileReference; lastKnownFileType = file.xib; name = Base; path = Base.lproj/LaunchScreen.xib; sourceTree = "<group>"; };
		6DC396701B1C823500270D0D /* T8DevelopKitDemoTests.xctest */ = {isa = PBXFileReference; explicitFileType = wrapper.cfbundle; includeInIndex = 0; path = T8DevelopKitDemoTests.xctest; sourceTree = BUILT_PRODUCTS_DIR; };
		6DC396751B1C823500270D0D /* Info.plist */ = {isa = PBXFileReference; lastKnownFileType = text.plist.xml; path = Info.plist; sourceTree = "<group>"; };
		6DC396761B1C823500270D0D /* T8DevelopKitDemoTests.m */ = {isa = PBXFileReference; lastKnownFileType = sourcecode.c.objc; path = T8DevelopKitDemoTests.m; sourceTree = "<group>"; };
		6DC396821B1C82EA00270D0D /* T8JsonHelper.h */ = {isa = PBXFileReference; fileEncoding = 4; lastKnownFileType = sourcecode.c.h; path = T8JsonHelper.h; sourceTree = "<group>"; };
		6DC396831B1C82EA00270D0D /* T8JsonHelper.m */ = {isa = PBXFileReference; fileEncoding = 4; lastKnownFileType = sourcecode.c.objc; path = T8JsonHelper.m; sourceTree = "<group>"; };
		6DC396851B1C82EA00270D0D /* NSDate+T8.h */ = {isa = PBXFileReference; fileEncoding = 4; lastKnownFileType = sourcecode.c.h; path = "NSDate+T8.h"; sourceTree = "<group>"; };
		6DC396861B1C82EA00270D0D /* NSDate+T8.m */ = {isa = PBXFileReference; fileEncoding = 4; lastKnownFileType = sourcecode.c.objc; path = "NSDate+T8.m"; sourceTree = "<group>"; };
		6DC396871B1C82EA00270D0D /* NSDateFormatter+T8.h */ = {isa = PBXFileReference; fileEncoding = 4; lastKnownFileType = sourcecode.c.h; path = "NSDateFormatter+T8.h"; sourceTree = "<group>"; };
		6DC396881B1C82EA00270D0D /* NSDateFormatter+T8.m */ = {isa = PBXFileReference; fileEncoding = 4; lastKnownFileType = sourcecode.c.objc; path = "NSDateFormatter+T8.m"; sourceTree = "<group>"; };
		6DC396891B1C82EA00270D0D /* NSDictionary+T8.h */ = {isa = PBXFileReference; fileEncoding = 4; lastKnownFileType = sourcecode.c.h; path = "NSDictionary+T8.h"; sourceTree = "<group>"; };
		6DC3968A1B1C82EA00270D0D /* NSDictionary+T8.m */ = {isa = PBXFileReference; fileEncoding = 4; lastKnownFileType = sourcecode.c.objc; path = "NSDictionary+T8.m"; sourceTree = "<group>"; };
		6DC3968B1B1C82EA00270D0D /* NSMutableDictionary+T8.h */ = {isa = PBXFileReference; fileEncoding = 4; lastKnownFileType = sourcecode.c.h; path = "NSMutableDictionary+T8.h"; sourceTree = "<group>"; };
		6DC3968C1B1C82EA00270D0D /* NSMutableDictionary+T8.m */ = {isa = PBXFileReference; fileEncoding = 4; lastKnownFileType = sourcecode.c.objc; path = "NSMutableDictionary+T8.m"; sourceTree = "<group>"; };
		6DC3968F1B1C82EA00270D0D /* NSString+T8.h */ = {isa = PBXFileReference; fileEncoding = 4; lastKnownFileType = sourcecode.c.h; path = "NSString+T8.h"; sourceTree = "<group>"; };
		6DC396901B1C82EA00270D0D /* NSString+T8.m */ = {isa = PBXFileReference; fileEncoding = 4; lastKnownFileType = sourcecode.c.objc; path = "NSString+T8.m"; sourceTree = "<group>"; };
		6DC396911B1C82EA00270D0D /* UIImage+T8.h */ = {isa = PBXFileReference; fileEncoding = 4; lastKnownFileType = sourcecode.c.h; path = "UIImage+T8.h"; sourceTree = "<group>"; };
		6DC396921B1C82EA00270D0D /* UIImage+T8.m */ = {isa = PBXFileReference; fileEncoding = 4; lastKnownFileType = sourcecode.c.objc; path = "UIImage+T8.m"; sourceTree = "<group>"; };
		6DC396991B1C82EA00270D0D /* T8Defines.h */ = {isa = PBXFileReference; fileEncoding = 4; lastKnownFileType = sourcecode.c.h; path = T8Defines.h; sourceTree = "<group>"; };
		6DC396A51B1C83EF00270D0D /* T8SandBoxHelper.h */ = {isa = PBXFileReference; fileEncoding = 4; lastKnownFileType = sourcecode.c.h; path = T8SandBoxHelper.h; sourceTree = "<group>"; };
		6DC396A61B1C83EF00270D0D /* T8SandBoxHelper.m */ = {isa = PBXFileReference; fileEncoding = 4; lastKnownFileType = sourcecode.c.objc; path = T8SandBoxHelper.m; sourceTree = "<group>"; };
		6DC396A91B1C849B00270D0D /* T8DevelopKit.h */ = {isa = PBXFileReference; lastKnownFileType = sourcecode.c.h; path = T8DevelopKit.h; sourceTree = "<group>"; };
		6DC396AA1B1C8FFE00270D0D /* UIView+T8.h */ = {isa = PBXFileReference; fileEncoding = 4; lastKnownFileType = sourcecode.c.h; path = "UIView+T8.h"; sourceTree = "<group>"; };
		6DC396AB1B1C8FFE00270D0D /* UIView+T8.m */ = {isa = PBXFileReference; fileEncoding = 4; lastKnownFileType = sourcecode.c.objc; path = "UIView+T8.m"; sourceTree = "<group>"; };
		DA4C08A5CEFE6CE625E062DE /* Pods.debug.xcconfig */ = {isa = PBXFileReference; includeInIndex = 1; lastKnownFileType = text.xcconfig; name = Pods.debug.xcconfig; path = "Pods/Target Support Files/Pods/Pods.debug.xcconfig"; sourceTree = "<group>"; };
		FD017C7491D124D5DA484634 /* libPods.a */ = {isa = PBXFileReference; explicitFileType = archive.ar; includeInIndex = 0; path = libPods.a; sourceTree = BUILT_PRODUCTS_DIR; };
/* End PBXFileReference section */

/* Begin PBXFrameworksBuildPhase section */
		6DC396541B1C823500270D0D /* Frameworks */ = {
			isa = PBXFrameworksBuildPhase;
			buildActionMask = 2147483647;
			files = (
				7A42BB7BD63A52BA29B4E217 /* libPods.a in Frameworks */,
			);
			runOnlyForDeploymentPostprocessing = 0;
		};
		6DC3966D1B1C823500270D0D /* Frameworks */ = {
			isa = PBXFrameworksBuildPhase;
			buildActionMask = 2147483647;
			files = (
			);
			runOnlyForDeploymentPostprocessing = 0;
		};
/* End PBXFrameworksBuildPhase section */

/* Begin PBXGroup section */
		42C838241B45691B006374B7 /* SVPullToRefresh */ = {
			isa = PBXGroup;
			children = (
				42C838251B45691B006374B7 /* SVPullToRefresh.h */,
				42C838261B45691B006374B7 /* UIScrollView+SVInfiniteScrolling.h */,
				42C838271B45691B006374B7 /* UIScrollView+SVInfiniteScrolling.m */,
				42C838281B45691B006374B7 /* UIScrollView+SVPullToRefresh.h */,
				42C838291B45691B006374B7 /* UIScrollView+SVPullToRefresh.m */,
			);
			path = SVPullToRefresh;
			sourceTree = "<group>";
		};
		593D20906F33BB3611F77ADF /* Pods */ = {
			isa = PBXGroup;
			children = (
				DA4C08A5CEFE6CE625E062DE /* Pods.debug.xcconfig */,
				3117F296C76E240CBFAF6070 /* Pods.release.xcconfig */,
			);
			name = Pods;
			sourceTree = "<group>";
		};
		6D177C261B41071B00B3AE4D /* BaseController */ = {
			isa = PBXGroup;
			children = (
				6D177C271B41071B00B3AE4D /* T8BaseNavigationController.h */,
				6D177C281B41071B00B3AE4D /* T8BaseNavigationController.m */,
				6D177C291B41071B00B3AE4D /* T8BaseViewController.h */,
				6D177C2A1B41071B00B3AE4D /* T8BaseViewController.m */,
				6D177C2B1B41071B00B3AE4D /* T8TableViewController.h */,
				6D177C2C1B41071B00B3AE4D /* T8TableViewController.m */,
			);
			path = BaseController;
			sourceTree = "<group>";
		};
		6D25D98F1B254C0300588FDF /* MBProgressHUD */ = {
			isa = PBXGroup;
			children = (
				6D25D9901B254C0300588FDF /* MBProgressHUD.h */,
				6D25D9911B254C0300588FDF /* MBProgressHUD.m */,
				6D25D9921B254C0300588FDF /* T8HudHelper.h */,
				6D25D9931B254C0300588FDF /* T8HudHelper.m */,
			);
			path = MBProgressHUD;
			sourceTree = "<group>";
		};
		6D5C36821B3A58630015364D /* Views */ = {
			isa = PBXGroup;
			children = (
				6D5C36831B3A58630015364D /* T8PlaceHolderTextView.h */,
				6D5C36841B3A58630015364D /* T8PlaceHolderTextView.m */,
			);
			path = Views;
			sourceTree = "<group>";
		};
		6D8E20FF1B33EF1C005BC0F5 /* T8MenuTableViewController */ = {
			isa = PBXGroup;
			children = (
				6D5C36821B3A58630015364D /* Views */,
				6D8E21001B33EF1C005BC0F5 /* Cells */,
				6D8E21031B33EF1C005BC0F5 /* Items */,
				6D8E21061B33EF1C005BC0F5 /* T8MenuTableViewController.h */,
				6D8E21071B33EF1C005BC0F5 /* T8MenuTableViewController.m */,
				6D5C368C1B3A96D30015364D /* T8MenuSection.h */,
				6D5C368D1B3A96D30015364D /* T8MenuSection.m */,
			);
			path = T8MenuTableViewController;
			sourceTree = "<group>";
		};
		6D8E21001B33EF1C005BC0F5 /* Cells */ = {
			isa = PBXGroup;
			children = (
				6D8E21011B33EF1C005BC0F5 /* T8MenuCell.h */,
				6D8E21021B33EF1C005BC0F5 /* T8MenuCell.m */,
				6D8E210E1B33F743005BC0F5 /* T8MenuTitleCell.h */,
				6D8E210F1B33F743005BC0F5 /* T8MenuTitleCell.m */,
				6D177C621B43E77D00B3AE4D /* T8MenuTitleCustomViewCell.h */,
				6D177C631B43E77D00B3AE4D /* T8MenuTitleCustomViewCell.m */,
				6D8E21141B3912E7005BC0F5 /* T8MenuTextFieldCell.h */,
				6D8E21151B3912E7005BC0F5 /* T8MenuTextFieldCell.m */,
				6D5C36891B3A669B0015364D /* T8MenuTextViewCell.h */,
				6D5C368A1B3A669B0015364D /* T8MenuTextViewCell.m */,
				6D8E211A1B3915DD005BC0F5 /* T8MenuDescriptionCell.h */,
				6D8E211B1B3915DD005BC0F5 /* T8MenuDescriptionCell.m */,
				6DB949491B4A4F0500C2B83A /* T8MenuFunctionCell.h */,
				6DB9494A1B4A4F0500C2B83A /* T8MenuFunctionCell.m */,
				6D0125D81B54A60A003E04D8 /* T8MenuSwitchCell.h */,
				6D0125D91B54A60A003E04D8 /* T8MenuSwitchCell.m */,
			);
			path = Cells;
			sourceTree = "<group>";
		};
		6D8E21031B33EF1C005BC0F5 /* Items */ = {
			isa = PBXGroup;
			children = (
				6D8E21041B33EF1C005BC0F5 /* T8MenuItem.h */,
				6D8E21051B33EF1C005BC0F5 /* T8MenuItem.m */,
				6D8E210B1B33F4CA005BC0F5 /* T8MenuTitleItem.h */,
				6D8E210C1B33F4CA005BC0F5 /* T8MenuTitleItem.m */,
				6D177C651B43EBF800B3AE4D /* T8MenuTitleCustomViewItem.h */,
				6D177C661B43EBF800B3AE4D /* T8MenuTitleCustomViewItem.m */,
				6D8E21111B39121C005BC0F5 /* T8MenuTextFieldItem.h */,
				6D8E21121B39121C005BC0F5 /* T8MenuTextFieldItem.m */,
				6D5C36861B3A663F0015364D /* T8MenuTextViewItem.h */,
				6D5C36871B3A663F0015364D /* T8MenuTextViewItem.m */,
				6D8E21171B39158E005BC0F5 /* T8MenuDescriptionItem.h */,
				6D8E21181B39158E005BC0F5 /* T8MenuDescriptionItem.m */,
				6DB9494C1B4A4F3F00C2B83A /* T8MenuFunctionItem.h */,
				6DB9494D1B4A4F3F00C2B83A /* T8MenuFunctionItem.m */,
				6D0125DB1B54A621003E04D8 /* T8MenuSwitchItem.h */,
				6D0125DC1B54A621003E04D8 /* T8MenuSwitchItem.m */,
			);
			path = Items;
			sourceTree = "<group>";
		};
		6DB7F73F1B68BB65006AA9E4 /* Components */ = {
			isa = PBXGroup;
			children = (
				6DB7F7401B68BB65006AA9E4 /* Cells */,
				6DB7F7471B68BB65006AA9E4 /* T8InsetsTextField.h */,
				6DB7F7481B68BB65006AA9E4 /* T8InsetsTextField.m */,
			);
			path = Components;
			sourceTree = "<group>";
		};
		6DB7F7401B68BB65006AA9E4 /* Cells */ = {
			isa = PBXGroup;
			children = (
				6DB7F7411B68BB65006AA9E4 /* T8ATBCell.h */,
				6DB7F7421B68BB65006AA9E4 /* T8ATBCell.m */,
				6DB7F7431B68BB65006AA9E4 /* T8AvatarAndTitleCell.h */,
				6DB7F7441B68BB65006AA9E4 /* T8AvatarAndTitleCell.m */,
				6DB7F7451B68BB65006AA9E4 /* T8BaseTableViewCell.h */,
				6DB7F7461B68BB65006AA9E4 /* T8BaseTableViewCell.m */,
			);
			path = Cells;
			sourceTree = "<group>";
		};
		6DC3964E1B1C823500270D0D = {
			isa = PBXGroup;
			children = (
				6DC396591B1C823500270D0D /* T8DevelopKitDemo */,
				6DC396731B1C823500270D0D /* T8DevelopKitDemoTests */,
				6DC396581B1C823500270D0D /* Products */,
				593D20906F33BB3611F77ADF /* Pods */,
				956AE68F5759BC3C1AA6881A /* Frameworks */,
			);
			sourceTree = "<group>";
		};
		6DC396581B1C823500270D0D /* Products */ = {
			isa = PBXGroup;
			children = (
				6DC396571B1C823500270D0D /* T8DevelopKitDemo.app */,
				6DC396701B1C823500270D0D /* T8DevelopKitDemoTests.xctest */,
			);
			name = Products;
			sourceTree = "<group>";
		};
		6DC396591B1C823500270D0D /* T8DevelopKitDemo */ = {
			isa = PBXGroup;
			children = (
				6DC3965E1B1C823500270D0D /* AppDelegate.h */,
				6DC3965F1B1C823500270D0D /* AppDelegate.m */,
				6DC396611B1C823500270D0D /* ViewController.h */,
				6DC396621B1C823500270D0D /* ViewController.m */,
				6D8E20FC1B33EEDA005BC0F5 /* TestMenuViewController.h */,
				6D8E20FD1B33EEDA005BC0F5 /* TestMenuViewController.m */,
				6DC396801B1C82EA00270D0D /* T8DevelopKit */,
				6DC396641B1C823500270D0D /* Main.storyboard */,
				6DC396671B1C823500270D0D /* Images.xcassets */,
				6DC396691B1C823500270D0D /* LaunchScreen.xib */,
				6DC3965A1B1C823500270D0D /* Supporting Files */,
			);
			path = T8DevelopKitDemo;
			sourceTree = "<group>";
		};
		6DC3965A1B1C823500270D0D /* Supporting Files */ = {
			isa = PBXGroup;
			children = (
				6DC3965B1B1C823500270D0D /* Info.plist */,
				6DC3965C1B1C823500270D0D /* main.m */,
			);
			name = "Supporting Files";
			sourceTree = "<group>";
		};
		6DC396731B1C823500270D0D /* T8DevelopKitDemoTests */ = {
			isa = PBXGroup;
			children = (
				6DC396761B1C823500270D0D /* T8DevelopKitDemoTests.m */,
				6DC396741B1C823500270D0D /* Supporting Files */,
			);
			path = T8DevelopKitDemoTests;
			sourceTree = "<group>";
		};
		6DC396741B1C823500270D0D /* Supporting Files */ = {
			isa = PBXGroup;
			children = (
				6DC396751B1C823500270D0D /* Info.plist */,
			);
			name = "Supporting Files";
			sourceTree = "<group>";
		};
		6DC396801B1C82EA00270D0D /* T8DevelopKit */ = {
			isa = PBXGroup;
			children = (
				6DC396A91B1C849B00270D0D /* T8DevelopKit.h */,
				6DC396991B1C82EA00270D0D /* T8Defines.h */,
				6DB7F73F1B68BB65006AA9E4 /* Components */,
				6D177C261B41071B00B3AE4D /* BaseController */,
				42C838241B45691B006374B7 /* SVPullToRefresh */,
				6D8E20FF1B33EF1C005BC0F5 /* T8MenuTableViewController */,
				6D25D98F1B254C0300588FDF /* MBProgressHUD */,
				6DC396811B1C82EA00270D0D /* Assistant&Helper */,
				6DC396841B1C82EA00270D0D /* Category */,
			);
			name = T8DevelopKit;
			path = ../../T8DevelopKit;
			sourceTree = "<group>";
		};
		6DC396811B1C82EA00270D0D /* Assistant&Helper */ = {
			isa = PBXGroup;
			children = (
				6DC396821B1C82EA00270D0D /* T8JsonHelper.h */,
				6DC396831B1C82EA00270D0D /* T8JsonHelper.m */,
				6DC396A51B1C83EF00270D0D /* T8SandBoxHelper.h */,
				6DC396A61B1C83EF00270D0D /* T8SandBoxHelper.m */,
				6DA0CB051B298D9600C4C2E7 /* T8CameraHelper.m */,
				6DA0CB061B298D9600C4C2E7 /* T8CameraHelper.h */,
				6DA0CB111B2C22FF00C4C2E7 /* T8UserDefaultHelper.h */,
				6DA0CB121B2C22FF00C4C2E7 /* T8UserDefaultHelper.m */,
			);
			path = "Assistant&Helper";
			sourceTree = "<group>";
		};
		6DC396841B1C82EA00270D0D /* Category */ = {
			isa = PBXGroup;
			children = (
				6DC396851B1C82EA00270D0D /* NSDate+T8.h */,
				6DC396861B1C82EA00270D0D /* NSDate+T8.m */,
				6DC396871B1C82EA00270D0D /* NSDateFormatter+T8.h */,
				6DC396881B1C82EA00270D0D /* NSDateFormatter+T8.m */,
				6DC396891B1C82EA00270D0D /* NSDictionary+T8.h */,
				6DC3968A1B1C82EA00270D0D /* NSDictionary+T8.m */,
				6DC3968B1B1C82EA00270D0D /* NSMutableDictionary+T8.h */,
				6DC3968C1B1C82EA00270D0D /* NSMutableDictionary+T8.m */,
				6DC3968F1B1C82EA00270D0D /* NSString+T8.h */,
				6DC396901B1C82EA00270D0D /* NSString+T8.m */,
				6DC396911B1C82EA00270D0D /* UIImage+T8.h */,
				6DC396921B1C82EA00270D0D /* UIImage+T8.m */,
				6DC396AA1B1C8FFE00270D0D /* UIView+T8.h */,
				6DC396AB1B1C8FFE00270D0D /* UIView+T8.m */,
				42D03BB81B43EDA00076FF1A /* UIActionSheet+T8.h */,
				42D03BB91B43EDA00076FF1A /* UIActionSheet+T8.m */,
				42D03BBB1B43F7500076FF1A /* UIAlertView+T8.h */,
				42D03BBC1B43F7500076FF1A /* UIAlertView+T8.m */,
			);
			path = Category;
			sourceTree = "<group>";
		};
		956AE68F5759BC3C1AA6881A /* Frameworks */ = {
			isa = PBXGroup;
			children = (
				FD017C7491D124D5DA484634 /* libPods.a */,
			);
			name = Frameworks;
			sourceTree = "<group>";
		};
/* End PBXGroup section */

/* Begin PBXNativeTarget section */
		6DC396561B1C823500270D0D /* T8DevelopKitDemo */ = {
			isa = PBXNativeTarget;
			buildConfigurationList = 6DC3967A1B1C823500270D0D /* Build configuration list for PBXNativeTarget "T8DevelopKitDemo" */;
			buildPhases = (
				79C91F73562857E01D184558 /* Check Pods Manifest.lock */,
				6DC396531B1C823500270D0D /* Sources */,
				6DC396541B1C823500270D0D /* Frameworks */,
				6DC396551B1C823500270D0D /* Resources */,
				5E5F6535CAF45A0687042F1B /* Copy Pods Resources */,
			);
			buildRules = (
			);
			dependencies = (
			);
			name = T8DevelopKitDemo;
			productName = T8DevelopKitDemo;
			productReference = 6DC396571B1C823500270D0D /* T8DevelopKitDemo.app */;
			productType = "com.apple.product-type.application";
		};
		6DC3966F1B1C823500270D0D /* T8DevelopKitDemoTests */ = {
			isa = PBXNativeTarget;
			buildConfigurationList = 6DC3967D1B1C823500270D0D /* Build configuration list for PBXNativeTarget "T8DevelopKitDemoTests" */;
			buildPhases = (
				6DC3966C1B1C823500270D0D /* Sources */,
				6DC3966D1B1C823500270D0D /* Frameworks */,
				6DC3966E1B1C823500270D0D /* Resources */,
			);
			buildRules = (
			);
			dependencies = (
				6DC396721B1C823500270D0D /* PBXTargetDependency */,
			);
			name = T8DevelopKitDemoTests;
			productName = T8DevelopKitDemoTests;
			productReference = 6DC396701B1C823500270D0D /* T8DevelopKitDemoTests.xctest */;
			productType = "com.apple.product-type.bundle.unit-test";
		};
/* End PBXNativeTarget section */

/* Begin PBXProject section */
		6DC3964F1B1C823500270D0D /* Project object */ = {
			isa = PBXProject;
			attributes = {
				LastUpgradeCheck = 0610;
				ORGANIZATIONNAME = "琦张";
				TargetAttributes = {
					6DC396561B1C823500270D0D = {
						CreatedOnToolsVersion = 6.1.1;
						DevelopmentTeam = G4NS45RA39;
					};
					6DC3966F1B1C823500270D0D = {
						CreatedOnToolsVersion = 6.1.1;
						TestTargetID = 6DC396561B1C823500270D0D;
					};
				};
			};
			buildConfigurationList = 6DC396521B1C823500270D0D /* Build configuration list for PBXProject "T8DevelopKitDemo" */;
			compatibilityVersion = "Xcode 3.2";
			developmentRegion = English;
			hasScannedForEncodings = 0;
			knownRegions = (
				en,
				Base,
			);
			mainGroup = 6DC3964E1B1C823500270D0D;
			productRefGroup = 6DC396581B1C823500270D0D /* Products */;
			projectDirPath = "";
			projectRoot = "";
			targets = (
				6DC396561B1C823500270D0D /* T8DevelopKitDemo */,
				6DC3966F1B1C823500270D0D /* T8DevelopKitDemoTests */,
			);
		};
/* End PBXProject section */

/* Begin PBXResourcesBuildPhase section */
		6DC396551B1C823500270D0D /* Resources */ = {
			isa = PBXResourcesBuildPhase;
			buildActionMask = 2147483647;
			files = (
				6DC396661B1C823500270D0D /* Main.storyboard in Resources */,
				6DC3966B1B1C823500270D0D /* LaunchScreen.xib in Resources */,
				6DC396681B1C823500270D0D /* Images.xcassets in Resources */,
			);
			runOnlyForDeploymentPostprocessing = 0;
		};
		6DC3966E1B1C823500270D0D /* Resources */ = {
			isa = PBXResourcesBuildPhase;
			buildActionMask = 2147483647;
			files = (
			);
			runOnlyForDeploymentPostprocessing = 0;
		};
/* End PBXResourcesBuildPhase section */

/* Begin PBXShellScriptBuildPhase section */
		5E5F6535CAF45A0687042F1B /* Copy Pods Resources */ = {
			isa = PBXShellScriptBuildPhase;
			buildActionMask = 2147483647;
			files = (
			);
			inputPaths = (
			);
			name = "Copy Pods Resources";
			outputPaths = (
			);
			runOnlyForDeploymentPostprocessing = 0;
			shellPath = /bin/sh;
			shellScript = "\"${SRCROOT}/Pods/Target Support Files/Pods/Pods-resources.sh\"\n";
			showEnvVarsInLog = 0;
		};
		79C91F73562857E01D184558 /* Check Pods Manifest.lock */ = {
			isa = PBXShellScriptBuildPhase;
			buildActionMask = 2147483647;
			files = (
			);
			inputPaths = (
			);
			name = "Check Pods Manifest.lock";
			outputPaths = (
			);
			runOnlyForDeploymentPostprocessing = 0;
			shellPath = /bin/sh;
			shellScript = "diff \"${PODS_ROOT}/../Podfile.lock\" \"${PODS_ROOT}/Manifest.lock\" > /dev/null\nif [[ $? != 0 ]] ; then\n    cat << EOM\nerror: The sandbox is not in sync with the Podfile.lock. Run 'pod install' or update your CocoaPods installation.\nEOM\n    exit 1\nfi\n";
			showEnvVarsInLog = 0;
		};
/* End PBXShellScriptBuildPhase section */

/* Begin PBXSourcesBuildPhase section */
		6DC396531B1C823500270D0D /* Sources */ = {
			isa = PBXSourcesBuildPhase;
			buildActionMask = 2147483647;
			files = (
				6DA0CB071B298D9600C4C2E7 /* T8CameraHelper.m in Sources */,
				6D177C641B43E77D00B3AE4D /* T8MenuTitleCustomViewCell.m in Sources */,
				6DC396631B1C823500270D0D /* ViewController.m in Sources */,
				6D8E21161B3912E7005BC0F5 /* T8MenuTextFieldCell.m in Sources */,
				6DC396AC1B1C8FFE00270D0D /* UIView+T8.m in Sources */,
				42D03BBD1B43F7500076FF1A /* UIAlertView+T8.m in Sources */,
				6D8E21101B33F743005BC0F5 /* T8MenuTitleCell.m in Sources */,
				6DC3969E1B1C82EA00270D0D /* NSMutableDictionary+T8.m in Sources */,
				42C8382B1B45691B006374B7 /* UIScrollView+SVPullToRefresh.m in Sources */,
				6D5C36851B3A58630015364D /* T8PlaceHolderTextView.m in Sources */,
				6DB7F74C1B68BB65006AA9E4 /* T8InsetsTextField.m in Sources */,
				6DC3969C1B1C82EA00270D0D /* NSDateFormatter+T8.m in Sources */,
				6D5C368E1B3A96D30015364D /* T8MenuSection.m in Sources */,
				6D8E21131B39121C005BC0F5 /* T8MenuTextFieldItem.m in Sources */,
				42D03BBA1B43EDA00076FF1A /* UIActionSheet+T8.m in Sources */,
				6D8E21191B39158E005BC0F5 /* T8MenuDescriptionItem.m in Sources */,
				6D8E211C1B3915DD005BC0F5 /* T8MenuDescriptionCell.m in Sources */,
				6DC396601B1C823500270D0D /* AppDelegate.m in Sources */,
				6D0125DD1B54A621003E04D8 /* T8MenuSwitchItem.m in Sources */,
				6DB7F74B1B68BB65006AA9E4 /* T8BaseTableViewCell.m in Sources */,
				6DB9494E1B4A4F3F00C2B83A /* T8MenuFunctionItem.m in Sources */,
				6D8E21081B33EF1C005BC0F5 /* T8MenuCell.m in Sources */,
				6DC396A11B1C82EA00270D0D /* UIImage+T8.m in Sources */,
				6DB7F7491B68BB65006AA9E4 /* T8ATBCell.m in Sources */,
				42C8382A1B45691B006374B7 /* UIScrollView+SVInfiniteScrolling.m in Sources */,
				6D8E210D1B33F4CA005BC0F5 /* T8MenuTitleItem.m in Sources */,
				6D177C2D1B41071B00B3AE4D /* T8BaseNavigationController.m in Sources */,
				6DB9494B1B4A4F0500C2B83A /* T8MenuFunctionCell.m in Sources */,
				6D8E21091B33EF1C005BC0F5 /* T8MenuItem.m in Sources */,
				6DC396A01B1C82EA00270D0D /* NSString+T8.m in Sources */,
				6DC3969B1B1C82EA00270D0D /* NSDate+T8.m in Sources */,
				6D177C2F1B41071B00B3AE4D /* T8TableViewController.m in Sources */,
				6DB7F74A1B68BB65006AA9E4 /* T8AvatarAndTitleCell.m in Sources */,
				6D8E20FE1B33EEDA005BC0F5 /* TestMenuViewController.m in Sources */,
				6D5C36881B3A663F0015364D /* T8MenuTextViewItem.m in Sources */,
				6D0125DA1B54A60A003E04D8 /* T8MenuSwitchCell.m in Sources */,
				6DC3965D1B1C823500270D0D /* main.m in Sources */,
				6D177C2E1B41071B00B3AE4D /* T8BaseViewController.m in Sources */,
				6D25D9951B254C0300588FDF /* T8HudHelper.m in Sources */,
				6D25D9941B254C0300588FDF /* MBProgressHUD.m in Sources */,
				6DC3969D1B1C82EA00270D0D /* NSDictionary+T8.m in Sources */,
				6D177C671B43EBF800B3AE4D /* T8MenuTitleCustomViewItem.m in Sources */,
				6DC3969A1B1C82EA00270D0D /* T8JsonHelper.m in Sources */,
				6DA0CB131B2C22FF00C4C2E7 /* T8UserDefaultHelper.m in Sources */,
				6D5C368B1B3A669B0015364D /* T8MenuTextViewCell.m in Sources */,
				6D8E210A1B33EF1C005BC0F5 /* T8MenuTableViewController.m in Sources */,
				6DC396A71B1C83EF00270D0D /* T8SandBoxHelper.m in Sources */,
			);
			runOnlyForDeploymentPostprocessing = 0;
		};
		6DC3966C1B1C823500270D0D /* Sources */ = {
			isa = PBXSourcesBuildPhase;
			buildActionMask = 2147483647;
			files = (
				6DC396771B1C823500270D0D /* T8DevelopKitDemoTests.m in Sources */,
			);
			runOnlyForDeploymentPostprocessing = 0;
		};
/* End PBXSourcesBuildPhase section */

/* Begin PBXTargetDependency section */
		6DC396721B1C823500270D0D /* PBXTargetDependency */ = {
			isa = PBXTargetDependency;
			target = 6DC396561B1C823500270D0D /* T8DevelopKitDemo */;
			targetProxy = 6DC396711B1C823500270D0D /* PBXContainerItemProxy */;
		};
/* End PBXTargetDependency section */

/* Begin PBXVariantGroup section */
		6DC396641B1C823500270D0D /* Main.storyboard */ = {
			isa = PBXVariantGroup;
			children = (
				6DC396651B1C823500270D0D /* Base */,
			);
			name = Main.storyboard;
			sourceTree = "<group>";
		};
		6DC396691B1C823500270D0D /* LaunchScreen.xib */ = {
			isa = PBXVariantGroup;
			children = (
				6DC3966A1B1C823500270D0D /* Base */,
			);
			name = LaunchScreen.xib;
			sourceTree = "<group>";
		};
/* End PBXVariantGroup section */

/* Begin XCBuildConfiguration section */
		6DC396781B1C823500270D0D /* Debug */ = {
			isa = XCBuildConfiguration;
			buildSettings = {
				ALWAYS_SEARCH_USER_PATHS = NO;
				CLANG_CXX_LANGUAGE_STANDARD = "gnu++0x";
				CLANG_CXX_LIBRARY = "libc++";
				CLANG_ENABLE_MODULES = YES;
				CLANG_ENABLE_OBJC_ARC = YES;
				CLANG_WARN_BOOL_CONVERSION = YES;
				CLANG_WARN_CONSTANT_CONVERSION = YES;
				CLANG_WARN_DIRECT_OBJC_ISA_USAGE = YES_ERROR;
				CLANG_WARN_EMPTY_BODY = YES;
				CLANG_WARN_ENUM_CONVERSION = YES;
				CLANG_WARN_INT_CONVERSION = YES;
				CLANG_WARN_OBJC_ROOT_CLASS = YES_ERROR;
				CLANG_WARN_UNREACHABLE_CODE = YES;
				CLANG_WARN__DUPLICATE_METHOD_MATCH = YES;
				"CODE_SIGN_IDENTITY[sdk=iphoneos*]" = "iPhone Developer";
				COPY_PHASE_STRIP = NO;
				ENABLE_STRICT_OBJC_MSGSEND = YES;
				GCC_C_LANGUAGE_STANDARD = gnu99;
				GCC_DYNAMIC_NO_PIC = NO;
				GCC_OPTIMIZATION_LEVEL = 0;
				GCC_PREPROCESSOR_DEFINITIONS = (
					"DEBUG=1",
					"$(inherited)",
				);
				GCC_SYMBOLS_PRIVATE_EXTERN = NO;
				GCC_WARN_64_TO_32_BIT_CONVERSION = YES;
				GCC_WARN_ABOUT_RETURN_TYPE = YES_ERROR;
				GCC_WARN_UNDECLARED_SELECTOR = YES;
				GCC_WARN_UNINITIALIZED_AUTOS = YES_AGGRESSIVE;
				GCC_WARN_UNUSED_FUNCTION = YES;
				GCC_WARN_UNUSED_VARIABLE = YES;
				IPHONEOS_DEPLOYMENT_TARGET = 8.1;
				MTL_ENABLE_DEBUG_INFO = YES;
				ONLY_ACTIVE_ARCH = YES;
				SDKROOT = iphoneos;
			};
			name = Debug;
		};
		6DC396791B1C823500270D0D /* Release */ = {
			isa = XCBuildConfiguration;
			buildSettings = {
				ALWAYS_SEARCH_USER_PATHS = NO;
				CLANG_CXX_LANGUAGE_STANDARD = "gnu++0x";
				CLANG_CXX_LIBRARY = "libc++";
				CLANG_ENABLE_MODULES = YES;
				CLANG_ENABLE_OBJC_ARC = YES;
				CLANG_WARN_BOOL_CONVERSION = YES;
				CLANG_WARN_CONSTANT_CONVERSION = YES;
				CLANG_WARN_DIRECT_OBJC_ISA_USAGE = YES_ERROR;
				CLANG_WARN_EMPTY_BODY = YES;
				CLANG_WARN_ENUM_CONVERSION = YES;
				CLANG_WARN_INT_CONVERSION = YES;
				CLANG_WARN_OBJC_ROOT_CLASS = YES_ERROR;
				CLANG_WARN_UNREACHABLE_CODE = YES;
				CLANG_WARN__DUPLICATE_METHOD_MATCH = YES;
				"CODE_SIGN_IDENTITY[sdk=iphoneos*]" = "iPhone Developer";
				COPY_PHASE_STRIP = YES;
				ENABLE_NS_ASSERTIONS = NO;
				ENABLE_STRICT_OBJC_MSGSEND = YES;
				GCC_C_LANGUAGE_STANDARD = gnu99;
				GCC_WARN_64_TO_32_BIT_CONVERSION = YES;
				GCC_WARN_ABOUT_RETURN_TYPE = YES_ERROR;
				GCC_WARN_UNDECLARED_SELECTOR = YES;
				GCC_WARN_UNINITIALIZED_AUTOS = YES_AGGRESSIVE;
				GCC_WARN_UNUSED_FUNCTION = YES;
				GCC_WARN_UNUSED_VARIABLE = YES;
				IPHONEOS_DEPLOYMENT_TARGET = 8.1;
				MTL_ENABLE_DEBUG_INFO = NO;
				SDKROOT = iphoneos;
				VALIDATE_PRODUCT = YES;
			};
			name = Release;
		};
		6DC3967B1B1C823500270D0D /* Debug */ = {
			isa = XCBuildConfiguration;
			baseConfigurationReference = DA4C08A5CEFE6CE625E062DE /* Pods.debug.xcconfig */;
			buildSettings = {
				ASSETCATALOG_COMPILER_APPICON_NAME = AppIcon;
				CODE_SIGN_IDENTITY = "iPhone Developer";
				FRAMEWORK_SEARCH_PATHS = (
					"$(inherited)",
					"$(PROJECT_DIR)/T8DevelopKitDemo",
				);
				INFOPLIST_FILE = T8DevelopKitDemo/Info.plist;
				LD_RUNPATH_SEARCH_PATHS = "$(inherited) @executable_path/Frameworks";
				OTHER_LDFLAGS = "$(inherited)";
				PRODUCT_NAME = "$(TARGET_NAME)";
			};
			name = Debug;
		};
		6DC3967C1B1C823500270D0D /* Release */ = {
			isa = XCBuildConfiguration;
			baseConfigurationReference = 3117F296C76E240CBFAF6070 /* Pods.release.xcconfig */;
			buildSettings = {
				ASSETCATALOG_COMPILER_APPICON_NAME = AppIcon;
				CODE_SIGN_IDENTITY = "iPhone Developer";
				FRAMEWORK_SEARCH_PATHS = (
					"$(inherited)",
					"$(PROJECT_DIR)/T8DevelopKitDemo",
				);
				INFOPLIST_FILE = T8DevelopKitDemo/Info.plist;
				LD_RUNPATH_SEARCH_PATHS = "$(inherited) @executable_path/Frameworks";
				OTHER_LDFLAGS = "$(inherited)";
				PRODUCT_NAME = "$(TARGET_NAME)";
			};
			name = Release;
		};
		6DC3967E1B1C823500270D0D /* Debug */ = {
			isa = XCBuildConfiguration;
			buildSettings = {
				BUNDLE_LOADER = "$(TEST_HOST)";
				FRAMEWORK_SEARCH_PATHS = (
					"$(SDKROOT)/Developer/Library/Frameworks",
					"$(inherited)",
				);
				GCC_PREPROCESSOR_DEFINITIONS = (
					"DEBUG=1",
					"$(inherited)",
				);
				INFOPLIST_FILE = T8DevelopKitDemoTests/Info.plist;
				LD_RUNPATH_SEARCH_PATHS = "$(inherited) @executable_path/Frameworks @loader_path/Frameworks";
				PRODUCT_NAME = "$(TARGET_NAME)";
				TEST_HOST = "$(BUILT_PRODUCTS_DIR)/T8DevelopKitDemo.app/T8DevelopKitDemo";
			};
			name = Debug;
		};
		6DC3967F1B1C823500270D0D /* Release */ = {
			isa = XCBuildConfiguration;
			buildSettings = {
				BUNDLE_LOADER = "$(TEST_HOST)";
				FRAMEWORK_SEARCH_PATHS = (
					"$(SDKROOT)/Developer/Library/Frameworks",
					"$(inherited)",
				);
				INFOPLIST_FILE = T8DevelopKitDemoTests/Info.plist;
				LD_RUNPATH_SEARCH_PATHS = "$(inherited) @executable_path/Frameworks @loader_path/Frameworks";
				PRODUCT_NAME = "$(TARGET_NAME)";
				TEST_HOST = "$(BUILT_PRODUCTS_DIR)/T8DevelopKitDemo.app/T8DevelopKitDemo";
			};
			name = Release;
		};
/* End XCBuildConfiguration section */

/* Begin XCConfigurationList section */
		6DC396521B1C823500270D0D /* Build configuration list for PBXProject "T8DevelopKitDemo" */ = {
			isa = XCConfigurationList;
			buildConfigurations = (
				6DC396781B1C823500270D0D /* Debug */,
				6DC396791B1C823500270D0D /* Release */,
			);
			defaultConfigurationIsVisible = 0;
			defaultConfigurationName = Release;
		};
		6DC3967A1B1C823500270D0D /* Build configuration list for PBXNativeTarget "T8DevelopKitDemo" */ = {
			isa = XCConfigurationList;
			buildConfigurations = (
				6DC3967B1B1C823500270D0D /* Debug */,
				6DC3967C1B1C823500270D0D /* Release */,
			);
			defaultConfigurationIsVisible = 0;
			defaultConfigurationName = Release;
		};
		6DC3967D1B1C823500270D0D /* Build configuration list for PBXNativeTarget "T8DevelopKitDemoTests" */ = {
			isa = XCConfigurationList;
			buildConfigurations = (
				6DC3967E1B1C823500270D0D /* Debug */,
				6DC3967F1B1C823500270D0D /* Release */,
			);
			defaultConfigurationIsVisible = 0;
			defaultConfigurationName = Release;
		};
/* End XCConfigurationList section */
	};
	rootObject = 6DC3964F1B1C823500270D0D /* Project object */;
}
